
Microsoft Visual Studio Solution File, Format Version 12.00
# Visual Studio Version 17
VisualStudioVersion = 17.13.35825.156 d17.13
MinimumVisualStudioVersion = 10.0.40219.1
Project("{FAE04EC0-301F-11D3-BF4B-00C04F79EFBC}") = "DapperAuthApi", "DapperAuthApi\DapperAuthApi.csproj", "{DFA03443-9EA7-442E-B2A7-35CB3F46CF60}"
EndProject
Global
	GlobalSection(SolutionConfigurationPlatforms) = preSolution
		Debug|Any CPU = Debug|Any CPU
		Release|Any CPU = Release|Any CPU
	EndGlobalSection
	GlobalSection(ProjectConfigurationPlatforms) = postSolution
		{DFA03443-9EA7-442E-B2A7-35CB3F46CF60}.Debug|Any CPU.ActiveCfg = Debug|Any CPU
		{DFA03443-9EA7-442E-B2A7-35CB3F46CF60}.Debug|Any CPU.Build.0 = Debug|Any CPU
		{DFA03443-9EA7-442E-B2A7-35CB3F46CF60}.Release|Any CPU.ActiveCfg = Release|Any CPU
		{DFA03443-9EA7-442E-B2A7-35CB3F46CF60}.Release|Any CPU.Build.0 = Release|Any CPU
	EndGlobalSection
	GlobalSection(SolutionProperties) = preSolution
		HideSolutionNode = FALSE
	EndGlobalSection
	GlobalSection(ExtensibilityGlobals) = postSolution
		SolutionGuid = {FD3629C1-2274-4757-A61C-9167D6EBCC8D}
	EndGlobalSection
EndGlobal
