
Microsoft Visual Studio Solution File, Format Version 12.00
# Visual Studio Version 17
VisualStudioVersion = 17.13.35825.156 d17.13
MinimumVisualStudioVersion = 10.0.40219.1
Project("{FAE04EC0-301F-11D3-BF4B-00C04F79EFBC}") = "Dapper Api Without Token Authentication", "Dapper Api Without Token Authentication\Dapper Api Without Token Authentication.csproj", "{C6E2A7A8-BF7D-4AEE-AC3A-3A5E1F02EFFD}"
EndProject
Global
	GlobalSection(SolutionConfigurationPlatforms) = preSolution
		Debug|Any CPU = Debug|Any CPU
		Release|Any CPU = Release|Any CPU
	EndGlobalSection
	GlobalSection(ProjectConfigurationPlatforms) = postSolution
		{C6E2A7A8-BF7D-4AEE-AC3A-3A5E1F02EFFD}.Debug|Any CPU.ActiveCfg = Debug|Any CPU
		{C6E2A7A8-BF7D-4AEE-AC3A-3A5E1F02EFFD}.Debug|Any CPU.Build.0 = Debug|Any CPU
		{C6E2A7A8-BF7D-4AEE-AC3A-3A5E1F02EFFD}.Release|Any CPU.ActiveCfg = Release|Any CPU
		{C6E2A7A8-BF7D-4AEE-AC3A-3A5E1F02EFFD}.Release|Any CPU.Build.0 = Release|Any CPU
	EndGlobalSection
	GlobalSection(SolutionProperties) = preSolution
		HideSolutionNode = FALSE
	EndGlobalSection
	GlobalSection(ExtensibilityGlobals) = postSolution
		SolutionGuid = {F734C939-D9FB-4F1F-888D-BF55B564830D}
	EndGlobalSection
EndGlobal
