
Microsoft Visual Studio Solution File, Format Version 12.00
# Visual Studio Version 17
VisualStudioVersion = 17.13.35825.156 d17.13
MinimumVisualStudioVersion = 10.0.40219.1
Project("{FAE04EC0-301F-11D3-BF4B-00C04F79EFBC}") = "Dapper Api With Token Authentication", "Dapper Api With Token Authentication\Dapper Api With Token Authentication.csproj", "{C3B74EBA-81A6-41DF-AF3C-955F4206D4EC}"
EndProject
Global
	GlobalSection(SolutionConfigurationPlatforms) = preSolution
		Debug|Any CPU = Debug|Any CPU
		Release|Any CPU = Release|Any CPU
	EndGlobalSection
	GlobalSection(ProjectConfigurationPlatforms) = postSolution
		{C3B74EBA-81A6-41DF-AF3C-955F4206D4EC}.Debug|Any CPU.ActiveCfg = Debug|Any CPU
		{C3B74EBA-81A6-41DF-AF3C-955F4206D4EC}.Debug|Any CPU.Build.0 = Debug|Any CPU
		{C3B74EBA-81A6-41DF-AF3C-955F4206D4EC}.Release|Any CPU.ActiveCfg = Release|Any CPU
		{C3B74EBA-81A6-41DF-AF3C-955F4206D4EC}.Release|Any CPU.Build.0 = Release|Any CPU
	EndGlobalSection
	GlobalSection(SolutionProperties) = preSolution
		HideSolutionNode = FALSE
	EndGlobalSection
	GlobalSection(ExtensibilityGlobals) = postSolution
		SolutionGuid = {50F305A3-50DE-4299-90CA-467F64FDB598}
	EndGlobalSection
EndGlobal
