
Microsoft Visual Studio Solution File, Format Version 12.00
# Visual Studio Version 17
VisualStudioVersion = 17.13.35825.156
MinimumVisualStudioVersion = 10.0.40219.1
Project("{FAE04EC0-301F-11D3-BF4B-00C04F79EFBC}") = "WithoutAuthentication", "DapperConfig\WithoutAuthentication.csproj", "{54164F0E-62EA-4A13-9102-D81C41355550}"
EndProject
Global
	GlobalSection(SolutionConfigurationPlatforms) = preSolution
		Debug|Any CPU = Debug|Any CPU
		Release|Any CPU = Release|Any CPU
	EndGlobalSection
	GlobalSection(ProjectConfigurationPlatforms) = postSolution
		{54164F0E-62EA-4A13-9102-D81C41355550}.Debug|Any CPU.ActiveCfg = Debug|Any CPU
		{54164F0E-62EA-4A13-9102-D81C41355550}.Debug|Any CPU.Build.0 = Debug|Any CPU
		{54164F0E-62EA-4A13-9102-D81C41355550}.Release|Any CPU.ActiveCfg = Release|Any CPU
		{54164F0E-62EA-4A13-9102-D81C41355550}.Release|Any CPU.Build.0 = Release|Any CPU
	EndGlobalSection
	GlobalSection(SolutionProperties) = preSolution
		HideSolutionNode = FALSE
	EndGlobalSection
	GlobalSection(ExtensibilityGlobals) = postSolution
		SolutionGuid = {F82FB5FD-A1ED-4E0C-8305-5FCBC585241C}
	EndGlobalSection
EndGlobal
